// !$*UTF8*$!
{
	archiveVersion = 1;
	classes = {
	};
	objectVersion = 77;
	objects = {

/* Begin PBXContainerItemProxy section */
		B400DDE42D24661F0063E21D /* PBXContainerItemProxy */ = {
			isa = PBXContainerItemProxy;
			containerPortal = B400DDCB2D24661C0063E21D /* Project object */;
			proxyType = 1;
			remoteGlobalIDString = B400DDD22D24661C0063E21D;
			remoteInfo = PowerProgress;
		};
		B400DDEE2D24661F0063E21D /* PBXContainerItemProxy */ = {
			isa = PBXContainerItemProxy;
			containerPortal = B400DDCB2D24661C0063E21D /* Project object */;
			proxyType = 1;
			remoteGlobalIDString = B400DDD22D24661C0063E21D;
			remoteInfo = PowerProgress;
		};
/* End PBXContainerItemProxy section */

/* Begin PBXFileReference section */
		B400DDD32D24661C0063E21D /* PowerProgress.app */ = {isa = PBXFileReference; explicitFileType = wrapper.application; includeInIndex = 0; path = PowerProgress.app; sourceTree = BUILT_PRODUCTS_DIR; };
		B400DDE32D24661F0063E21D /* PowerProgressTests.xctest */ = {isa = PBXFileReference; explicitFileType = wrapper.cfbundle; includeInIndex = 0; path = PowerProgressTests.xctest; sourceTree = BUILT_PRODUCTS_DIR; };
		B400DDED2D24661F0063E21D /* PowerProgressUITests.xctest */ = {isa = PBXFileReference; explicitFileType = wrapper.cfbundle; includeInIndex = 0; path = PowerProgressUITests.xctest; sourceTree = BUILT_PRODUCTS_DIR; };
/* End PBXFileReference section */

/* Begin PBXFileSystemSynchronizedRootGroup section */
		B400DDD52D24661C0063E21D /* PowerProgress */ = {
			isa = PBXFileSystemSynchronizedRootGroup;
			path = PowerProgress;
			sourceTree = "<group>";
		};
		B400DDE62D24661F0063E21D /* PowerProgressTests */ = {
			isa = PBXFileSystemSynchronizedRootGroup;
			path = PowerProgressTests;
			sourceTree = "<group>";
		};
		B400DDF02D24661F0063E21D /* PowerProgressUITests */ = {
			isa = PBXFileSystemSynchronizedRootGroup;
			path = PowerProgressUITests;
			sourceTree = "<group>";
		};
/* End PBXFileSystemSynchronizedRootGroup section */

/* Begin PBXFrameworksBuildPhase section */
		B400DDD02D24661C0063E21D /* Frameworks */ = {
			isa = PBXFrameworksBuildPhase;
			buildActionMask = 2147483647;
			files = (
			);
			runOnlyForDeploymentPostprocessing = 0;
		};
		B400DDE02D24661F0063E21D /* Frameworks */ = {
			isa = PBXFrameworksBuildPhase;
			buildActionMask = 2147483647;
			files = (
			);
			runOnlyForDeploymentPostprocessing = 0;
		};
		B400DDEA2D24661F0063E21D /* Frameworks */ = {
			isa = PBXFrameworksBuildPhase;
			buildActionMask = 2147483647;
			files = (
			);
			runOnlyForDeploymentPostprocessing = 0;
		};
/* End PBXFrameworksBuildPhase section */

/* Begin PBXGroup section */
		B400DDCA2D24661C0063E21D = {
			isa = PBXGroup;
			children = (
				B400DDD52D24661C0063E21D /* PowerProgress */,
				B400DDE62D24661F0063E21D /* PowerProgressTests */,
				B400DDF02D24661F0063E21D /* PowerProgressUITests */,
				B400DDD42D24661C0063E21D /* Products */,
			);
			sourceTree = "<group>";
		};
		B400DDD42D24661C0063E21D /* Products */ = {
			isa = PBXGroup;
			children = (
				B400DDD32D24661C0063E21D /* PowerProgress.app */,
				B400DDE32D24661F0063E21D /* PowerProgressTests.xctest */,
				B400DDED2D24661F0063E21D /* PowerProgressUITests.xctest */,
			);
			name = Products;
			sourceTree = "<group>";
		};
/* End PBXGroup section */

/* Begin PBXNativeTarget section */
		B400DDD22D24661C0063E21D /* PowerProgress */ = {
			isa = PBXNativeTarget;
			buildConfigurationList = B400DDF72D24661F0063E21D /* Build configuration list for PBXNativeTarget "PowerProgress" */;
			buildPhases = (
				B400DDCF2D24661C0063E21D /* Sources */,
				B400DDD02D24661C0063E21D /* Frameworks */,
				B400DDD12D24661C0063E21D /* Resources */,
			);
			buildRules = (
			);
			dependencies = (
			);
			fileSystemSynchronizedGroups = (
				B400DDD52D24661C0063E21D /* PowerProgress */,
			);
			name = PowerProgress;
			packageProductDependencies = (
			);
			productName = PowerProgress;
			productReference = B400DDD32D24661C0063E21D /* PowerProgress.app */;
			productType = "com.apple.product-type.application";
		};
		B400DDE22D24661F0063E21D /* PowerProgressTests */ = {
			isa = PBXNativeTarget;
			buildConfigurationList = B400DDFA2D24661F0063E21D /* Build configuration list for PBXNativeTarget "PowerProgressTests" */;
			buildPhases = (
				B400DDDF2D24661F0063E21D /* Sources */,
				B400DDE02D24661F0063E21D /* Frameworks */,
				B400DDE12D24661F0063E21D /* Resources */,
			);
			buildRules = (
			);
			dependencies = (
				B400DDE52D24661F0063E21D /* PBXTargetDependency */,
			);
			fileSystemSynchronizedGroups = (
				B400DDE62D24661F0063E21D /* PowerProgressTests */,
			);
			name = PowerProgressTests;
			packageProductDependencies = (
			);
			productName = PowerProgressTests;
			productReference = B400DDE32D24661F0063E21D /* PowerProgressTests.xctest */;
			productType = "com.apple.product-type.bundle.unit-test";
		};
		B400DDEC2D24661F0063E21D /* PowerProgressUITests */ = {
			isa = PBXNativeTarget;
			buildConfigurationList = B400DDFD2D24661F0063E21D /* Build configuration list for PBXNativeTarget "PowerProgressUITests" */;
			buildPhases = (
				B400DDE92D24661F0063E21D /* Sources */,
				B400DDEA2D24661F0063E21D /* Frameworks */,
				B400DDEB2D24661F0063E21D /* Resources */,
			);
			buildRules = (
			);
			dependencies = (
				B400DDEF2D24661F0063E21D /* PBXTargetDependency */,
			);
			fileSystemSynchronizedGroups = (
				B400DDF02D24661F0063E21D /* PowerProgressUITests */,
			);
			name = PowerProgressUITests;
			packageProductDependencies = (
			);
			productName = PowerProgressUITests;
			productReference = B400DDED2D24661F0063E21D /* PowerProgressUITests.xctest */;
			productType = "com.apple.product-type.bundle.ui-testing";
		};
/* End PBXNativeTarget section */

/* Begin PBXProject section */
		B400DDCB2D24661C0063E21D /* Project object */ = {
			isa = PBXProject;
			attributes = {
				BuildIndependentTargetsInParallel = 1;
				LastSwiftUpdateCheck = 1610;
				LastUpgradeCheck = 1610;
				TargetAttributes = {
					B400DDD22D24661C0063E21D = {
						CreatedOnToolsVersion = 16.1;
					};
					B400DDE22D24661F0063E21D = {
						CreatedOnToolsVersion = 16.1;
						TestTargetID = B400DDD22D24661C0063E21D;
					};
					B400DDEC2D24661F0063E21D = {
						CreatedOnToolsVersion = 16.1;
						TestTargetID = B400DDD22D24661C0063E21D;
					};
				};
			};
			buildConfigurationList = B400DDCE2D24661C0063E21D /* Build configuration list for PBXProject "PowerProgress" */;
			developmentRegion = en;
			hasScannedForEncodings = 0;
			knownRegions = (
				en,
				Base,
			);
			mainGroup = B400DDCA2D24661C0063E21D;
			minimizedProjectReferenceProxies = 1;
			preferredProjectObjectVersion = 77;
			productRefGroup = B400DDD42D24661C0063E21D /* Products */;
			projectDirPath = "";
			projectRoot = "";
			targets = (
				B400DDD22D24661C0063E21D /* PowerProgress */,
				B400DDE22D24661F0063E21D /* PowerProgressTests */,
				B400DDEC2D24661F0063E21D /* PowerProgressUITests */,
			);
		};
/* End PBXProject section */

/* Begin PBXResourcesBuildPhase section */
		B400DDD12D24661C0063E21D /* Resources */ = {
			isa = PBXResourcesBuildPhase;
			buildActionMask = 2147483647;
			files = (
			);
			runOnlyForDeploymentPostprocessing = 0;
		};
		B400DDE12D24661F0063E21D /* Resources */ = {
			isa = PBXResourcesBuildPhase;
			buildActionMask = 2147483647;
			files = (
			);
			runOnlyForDeploymentPostprocessing = 0;
		};
		B400DDEB2D24661F0063E21D /* Resources */ = {
			isa = PBXResourcesBuildPhase;
			buildActionMask = 2147483647;
			files = (
			);
			runOnlyForDeploymentPostprocessing = 0;
		};
/* End PBXResourcesBuildPhase section */

/* Begin PBXSourcesBuildPhase section */
		B400DDCF2D24661C0063E21D /* Sources */ = {
			isa = PBXSourcesBuildPhase;
			buildActionMask = 2147483647;
			files = (
			);
			runOnlyForDeploymentPostprocessing = 0;
		};
		B400DDDF2D24661F0063E21D /* Sources */ = {
			isa = PBXSourcesBuildPhase;
			buildActionMask = 2147483647;
			files = (
			);
			runOnlyForDeploymentPostprocessing = 0;
		};
		B400DDE92D24661F0063E21D /* Sources */ = {
			isa = PBXSourcesBuildPhase;
			buildActionMask = 2147483647;
			files = (
			);
			runOnlyForDeploymentPostprocessing = 0;
		};
/* End PBXSourcesBuildPhase section */

/* Begin PBXTargetDependency section */
		B400DDE52D24661F0063E21D /* PBXTargetDependency */ = {
			isa = PBXTargetDependency;
			target = B400DDD22D24661C0063E21D /* PowerProgress */;
			targetProxy = B400DDE42D24661F0063E21D /* PBXContainerItemProxy */;
		};
		B400DDEF2D24661F0063E21D /* PBXTargetDependency */ = {
			isa = PBXTargetDependency;
			target = B400DDD22D24661C0063E21D /* PowerProgress */;
			targetProxy = B400DDEE2D24661F0063E21D /* PBXContainerItemProxy */;
		};
/* End PBXTargetDependency section */

/* Begin XCBuildConfiguration section */
		B400DDF52D24661F0063E21D /* Debug */ = {
			isa = XCBuildConfiguration;
			buildSettings = {
				ALWAYS_SEARCH_USER_PATHS = NO;
				ASSETCATALOG_COMPILER_GENERATE_SWIFT_ASSET_SYMBOL_EXTENSIONS = YES;
				CLANG_ANALYZER_NONNULL = YES;
				CLANG_ANALYZER_NUMBER_OBJECT_CONVERSION = YES_AGGRESSIVE;
				CLANG_CXX_LANGUAGE_STANDARD = "gnu++20";
				CLANG_ENABLE_MODULES = YES;
				CLANG_ENABLE_OBJC_ARC = YES;
				CLANG_ENABLE_OBJC_WEAK = YES;
				CLANG_WARN_BLOCK_CAPTURE_AUTORELEASING = YES;
				CLANG_WARN_BOOL_CONVERSION = YES;
				CLANG_WARN_COMMA = YES;
				CLANG_WARN_CONSTANT_CONVERSION = YES;
				CLANG_WARN_DEPRECATED_OBJC_IMPLEMENTATIONS = YES;
				CLANG_WARN_DIRECT_OBJC_ISA_USAGE = YES_ERROR;
				CLANG_WARN_DOCUMENTATION_COMMENTS = YES;
				CLANG_WARN_EMPTY_BODY = YES;
				CLANG_WARN_ENUM_CONVERSION = YES;
				CLANG_WARN_INFINITE_RECURSION = YES;
				CLANG_WARN_INT_CONVERSION = YES;
				CLANG_WARN_NON_LITERAL_NULL_CONVERSION = YES;
				CLANG_WARN_OBJC_IMPLICIT_RETAIN_SELF = YES;
				CLANG_WARN_OBJC_LITERAL_CONVERSION = YES;
				CLANG_WARN_OBJC_ROOT_CLASS = YES_ERROR;
				CLANG_WARN_QUOTED_INCLUDE_IN_FRAMEWORK_HEADER = YES;
				CLANG_WARN_RANGE_LOOP_ANALYSIS = YES;
				CLANG_WARN_STRICT_PROTOTYPES = YES;
				CLANG_WARN_SUSPICIOUS_MOVE = YES;
				CLANG_WARN_UNGUARDED_AVAILABILITY = YES_AGGRESSIVE;
				CLANG_WARN_UNREACHABLE_CODE = YES;
				CLANG_WARN__DUPLICATE_METHOD_MATCH = YES;
				COPY_PHASE_STRIP = NO;
				DEBUG_INFORMATION_FORMAT = dwarf;
				ENABLE_STRICT_OBJC_MSGSEND = YES;
				ENABLE_TESTABILITY = YES;
				ENABLE_USER_SCRIPT_SANDBOXING = YES;
				GCC_C_LANGUAGE_STANDARD = gnu17;
				GCC_DYNAMIC_NO_PIC = NO;
				GCC_NO_COMMON_BLOCKS = YES;
				GCC_OPTIMIZATION_LEVEL = 0;
				GCC_PREPROCESSOR_DEFINITIONS = (
					"DEBUG=1",
					"$(inherited)",
				);
				GCC_WARN_64_TO_32_BIT_CONVERSION = YES;
				GCC_WARN_ABOUT_RETURN_TYPE = YES_ERROR;
				GCC_WARN_UNDECLARED_SELECTOR = YES;
				GCC_WARN_UNINITIALIZED_AUTOS = YES_AGGRESSIVE;
				GCC_WARN_UNUSED_FUNCTION = YES;
				GCC_WARN_UNUSED_VARIABLE = YES;
				IPHONEOS_DEPLOYMENT_TARGET = 18.1;
				LOCALIZATION_PREFERS_STRING_CATALOGS = YES;
				MTL_ENABLE_DEBUG_INFO = INCLUDE_SOURCE;
				MTL_FAST_MATH = YES;
				ONLY_ACTIVE_ARCH = YES;
				SDKROOT = iphoneos;
				SWIFT_ACTIVE_COMPILATION_CONDITIONS = "DEBUG $(inherited)";
				SWIFT_OPTIMIZATION_LEVEL = "-Onone";
			};
			name = Debug;
		};
		B400DDF62D24661F0063E21D /* Release */ = {
			isa = XCBuildConfiguration;
			buildSettings = {
				ALWAYS_SEARCH_USER_PATHS = NO;
				ASSETCATALOG_COMPILER_GENERATE_SWIFT_ASSET_SYMBOL_EXTENSIONS = YES;
				CLANG_ANALYZER_NONNULL = YES;
				CLANG_ANALYZER_NUMBER_OBJECT_CONVERSION = YES_AGGRESSIVE;
				CLANG_CXX_LANGUAGE_STANDARD = "gnu++20";
				CLANG_ENABLE_MODULES = YES;
				CLANG_ENABLE_OBJC_ARC = YES;
				CLANG_ENABLE_OBJC_WEAK = YES;
				CLANG_WARN_BLOCK_CAPTURE_AUTORELEASING = YES;
				CLANG_WARN_BOOL_CONVERSION = YES;
				CLANG_WARN_COMMA = YES;
				CLANG_WARN_CONSTANT_CONVERSION = YES;
				CLANG_WARN_DEPRECATED_OBJC_IMPLEMENTATIONS = YES;
				CLANG_WARN_DIRECT_OBJC_ISA_USAGE = YES_ERROR;
				CLANG_WARN_DOCUMENTATION_COMMENTS = YES;
				CLANG_WARN_EMPTY_BODY = YES;
				CLANG_WARN_ENUM_CONVERSION = YES;
				CLANG_WARN_INFINITE_RECURSION = YES;
				CLANG_WARN_INT_CONVERSION = YES;
				CLANG_WARN_NON_LITERAL_NULL_CONVERSION = YES;
				CLANG_WARN_OBJC_IMPLICIT_RETAIN_SELF = YES;
				CLANG_WARN_OBJC_LITERAL_CONVERSION = YES;
				CLANG_WARN_OBJC_ROOT_CLASS = YES_ERROR;
				CLANG_WARN_QUOTED_INCLUDE_IN_FRAMEWORK_HEADER = YES;
				CLANG_WARN_RANGE_LOOP_ANALYSIS = YES;
				CLANG_WARN_STRICT_PROTOTYPES = YES;
				CLANG_WARN_SUSPICIOUS_MOVE = YES;
				CLANG_WARN_UNGUARDED_AVAILABILITY = YES_AGGRESSIVE;
				CLANG_WARN_UNREACHABLE_CODE = YES;
				CLANG_WARN__DUPLICATE_METHOD_MATCH = YES;
				COPY_PHASE_STRIP = NO;
				DEBUG_INFORMATION_FORMAT = "dwarf-with-dsym";
				ENABLE_NS_ASSERTIONS = NO;
				ENABLE_STRICT_OBJC_MSGSEND = YES;
				ENABLE_USER_SCRIPT_SANDBOXING = YES;
				GCC_C_LANGUAGE_STANDARD = gnu17;
				GCC_NO_COMMON_BLOCKS = YES;
				GCC_WARN_64_TO_32_BIT_CONVERSION = YES;
				GCC_WARN_ABOUT_RETURN_TYPE = YES_ERROR;
				GCC_WARN_UNDECLARED_SELECTOR = YES;
				GCC_WARN_UNINITIALIZED_AUTOS = YES_AGGRESSIVE;
				GCC_WARN_UNUSED_FUNCTION = YES;
				GCC_WARN_UNUSED_VARIABLE = YES;
				IPHONEOS_DEPLOYMENT_TARGET = 18.1;
				LOCALIZATION_PREFERS_STRING_CATALOGS = YES;
				MTL_ENABLE_DEBUG_INFO = NO;
				MTL_FAST_MATH = YES;
				SDKROOT = iphoneos;
				SWIFT_COMPILATION_MODE = wholemodule;
				VALIDATE_PRODUCT = YES;
			};
			name = Release;
		};
		B400DDF82D24661F0063E21D /* Debug */ = {
			isa = XCBuildConfiguration;
			buildSettings = {
				ASSETCATALOG_COMPILER_APPICON_NAME = AppIcon;
				ASSETCATALOG_COMPILER_GLOBAL_ACCENT_COLOR_NAME = AccentColor;
				CODE_SIGN_STYLE = Automatic;
				CURRENT_PROJECT_VERSION = 1;
				DEVELOPMENT_ASSET_PATHS = "\"PowerProgress/Preview Content\"";
				ENABLE_PREVIEWS = YES;
				GENERATE_INFOPLIST_FILE = YES;
				INFOPLIST_KEY_UIApplicationSceneManifest_Generation = YES;
				INFOPLIST_KEY_UIApplicationSupportsIndirectInputEvents = YES;
				INFOPLIST_KEY_UILaunchScreen_Generation = YES;
				INFOPLIST_KEY_UISupportedInterfaceOrientations_iPad = "UIInterfaceOrientationPortrait UIInterfaceOrientationPortraitUpsideDown UIInterfaceOrientationLandscapeLeft UIInterfaceOrientationLandscapeRight";
				INFOPLIST_KEY_UISupportedInterfaceOrientations_iPhone = "UIInterfaceOrientationPortrait UIInterfaceOrientationLandscapeLeft UIInterfaceOrientationLandscapeRight";
				LD_RUNPATH_SEARCH_PATHS = (
					"$(inherited)",
					"@executable_path/Frameworks",
				);
				MARKETING_VERSION = 1.0;
				PRODUCT_BUNDLE_IDENTIFIER = "Abe-Fam.PowerProgress";
				PRODUCT_NAME = "$(TARGET_NAME)";
				SWIFT_EMIT_LOC_STRINGS = YES;
				SWIFT_VERSION = 5.0;
				TARGETED_DEVICE_FAMILY = "1,2";
			};
			name = Debug;
		};
		B400DDF92D24661F0063E21D /* Release */ = {
			isa = XCBuildConfiguration;
			buildSettings = {
				ASSETCATALOG_COMPILER_APPICON_NAME = AppIcon;
				ASSETCATALOG_COMPILER_GLOBAL_ACCENT_COLOR_NAME = AccentColor;
				CODE_SIGN_STYLE = Automatic;
				CURRENT_PROJECT_VERSION = 1;
				DEVELOPMENT_ASSET_PATHS = "\"PowerProgress/Preview Content\"";
				ENABLE_PREVIEWS = YES;
				GENERATE_INFOPLIST_FILE = YES;
				INFOPLIST_KEY_UIApplicationSceneManifest_Generation = YES;
				INFOPLIST_KEY_UIApplicationSupportsIndirectInputEvents = YES;
				INFOPLIST_KEY_UILaunchScreen_Generation = YES;
				INFOPLIST_KEY_UISupportedInterfaceOrientations_iPad = "UIInterfaceOrientationPortrait UIInterfaceOrientationPortraitUpsideDown UIInterfaceOrientationLandscapeLeft UIInterfaceOrientationLandscapeRight";
				INFOPLIST_KEY_UISupportedInterfaceOrientations_iPhone = "UIInterfaceOrientationPortrait UIInterfaceOrientationLandscapeLeft UIInterfaceOrientationLandscapeRight";
				LD_RUNPATH_SEARCH_PATHS = (
					"$(inherited)",
					"@executable_path/Frameworks",
				);
				MARKETING_VERSION = 1.0;
				PRODUCT_BUNDLE_IDENTIFIER = "Abe-Fam.PowerProgress";
				PRODUCT_NAME = "$(TARGET_NAME)";
				SWIFT_EMIT_LOC_STRINGS = YES;
				SWIFT_VERSION = 5.0;
				TARGETED_DEVICE_FAMILY = "1,2";
			};
			name = Release;
		};
		B400DDFB2D24661F0063E21D /* Debug */ = {
			isa = XCBuildConfiguration;
			buildSettings = {
				BUNDLE_LOADER = "$(TEST_HOST)";
				CODE_SIGN_STYLE = Automatic;
				CURRENT_PROJECT_VERSION = 1;
				GENERATE_INFOPLIST_FILE = YES;
				IPHONEOS_DEPLOYMENT_TARGET = 18.1;
				MARKETING_VERSION = 1.0;
				PRODUCT_BUNDLE_IDENTIFIER = "Abe-Fam.PowerProgressTests";
				PRODUCT_NAME = "$(TARGET_NAME)";
				SWIFT_EMIT_LOC_STRINGS = NO;
				SWIFT_VERSION = 5.0;
				TARGETED_DEVICE_FAMILY = "1,2";
				TEST_HOST = "$(BUILT_PRODUCTS_DIR)/PowerProgress.app/$(BUNDLE_EXECUTABLE_FOLDER_PATH)/PowerProgress";
			};
			name = Debug;
		};
		B400DDFC2D24661F0063E21D /* Release */ = {
			isa = XCBuildConfiguration;
			buildSettings = {
				BUNDLE_LOADER = "$(TEST_HOST)";
				CODE_SIGN_STYLE = Automatic;
				CURRENT_PROJECT_VERSION = 1;
				GENERATE_INFOPLIST_FILE = YES;
				IPHONEOS_DEPLOYMENT_TARGET = 18.1;
				MARKETING_VERSION = 1.0;
				PRODUCT_BUNDLE_IDENTIFIER = "Abe-Fam.PowerProgressTests";
				PRODUCT_NAME = "$(TARGET_NAME)";
				SWIFT_EMIT_LOC_STRINGS = NO;
				SWIFT_VERSION = 5.0;
				TARGETED_DEVICE_FAMILY = "1,2";
				TEST_HOST = "$(BUILT_PRODUCTS_DIR)/PowerProgress.app/$(BUNDLE_EXECUTABLE_FOLDER_PATH)/PowerProgress";
			};
			name = Release;
		};
		B400DDFE2D24661F0063E21D /* Debug */ = {
			isa = XCBuildConfiguration;
			buildSettings = {
				CODE_SIGN_STYLE = Automatic;
				CURRENT_PROJECT_VERSION = 1;
				GENERATE_INFOPLIST_FILE = YES;
				MARKETING_VERSION = 1.0;
				PRODUCT_BUNDLE_IDENTIFIER = "Abe-Fam.PowerProgressUITests";
				PRODUCT_NAME = "$(TARGET_NAME)";
				SWIFT_EMIT_LOC_STRINGS = NO;
				SWIFT_VERSION = 5.0;
				TARGETED_DEVICE_FAMILY = "1,2";
				TEST_TARGET_NAME = PowerProgress;
			};
			name = Debug;
		};
		B400DDFF2D24661F0063E21D /* Release */ = {
			isa = XCBuildConfiguration;
			buildSettings = {
				CODE_SIGN_STYLE = Automatic;
				CURRENT_PROJECT_VERSION = 1;
				GENERATE_INFOPLIST_FILE = YES;
				MARKETING_VERSION = 1.0;
				PRODUCT_BUNDLE_IDENTIFIER = "Abe-Fam.PowerProgressUITests";
				PRODUCT_NAME = "$(TARGET_NAME)";
				SWIFT_EMIT_LOC_STRINGS = NO;
				SWIFT_VERSION = 5.0;
				TARGETED_DEVICE_FAMILY = "1,2";
				TEST_TARGET_NAME = PowerProgress;
			};
			name = Release;
		};
/* End XCBuildConfiguration section */

/* Begin XCConfigurationList section */
		B400DDCE2D24661C0063E21D /* Build configuration list for PBXProject "PowerProgress" */ = {
			isa = XCConfigurationList;
			buildConfigurations = (
				B400DDF52D24661F0063E21D /* Debug */,
				B400DDF62D24661F0063E21D /* Release */,
			);
			defaultConfigurationIsVisible = 0;
			defaultConfigurationName = Release;
		};
		B400DDF72D24661F0063E21D /* Build configuration list for PBXNativeTarget "PowerProgress" */ = {
			isa = XCConfigurationList;
			buildConfigurations = (
				B400DDF82D24661F0063E21D /* Debug */,
				B400DDF92D24661F0063E21D /* Release */,
			);
			defaultConfigurationIsVisible = 0;
			defaultConfigurationName = Release;
		};
		B400DDFA2D24661F0063E21D /* Build configuration list for PBXNativeTarget "PowerProgressTests" */ = {
			isa = XCConfigurationList;
			buildConfigurations = (
				B400DDFB2D24661F0063E21D /* Debug */,
				B400DDFC2D24661F0063E21D /* Release */,
			);
			defaultConfigurationIsVisible = 0;
			defaultConfigurationName = Release;
		};
		B400DDFD2D24661F0063E21D /* Build configuration list for PBXNativeTarget "PowerProgressUITests" */ = {
			isa = XCConfigurationList;
			buildConfigurations = (
				B400DDFE2D24661F0063E21D /* Debug */,
				B400DDFF2D24661F0063E21D /* Release */,
			);
			defaultConfigurationIsVisible = 0;
			defaultConfigurationName = Release;
		};
/* End XCConfigurationList section */
	};
	rootObject = B400DDCB2D24661C0063E21D /* Project object */;
}
